
Microsoft Visual Studio Solution File, Format Version 12.00
# Visual Studio 2015
Project("{FAE04EC0-301F-11D3-BF4B-00C04F79EFBC}") = "BirdsPackDemo.CSharp.Plugins", "BirdsPackDemo.CSharp.Plugins.csproj", "{B1EE32C1-C463-A145-EB26-C23E3B6C26C1}"
EndProject
Project("{FAE04EC0-301F-11D3-BF4B-00C04F79EFBC}") = "BirdsPackDemo.CSharp", "BirdsPackDemo.CSharp.csproj", "{837F15AA-BDC3-5DEE-A86E-84CF541411E6}"
EndProject
Project("{FAE04EC0-301F-11D3-BF4B-00C04F79EFBC}") = "BirdsPackDemo.CSharp.Editor", "BirdsPackDemo.CSharp.Editor.csproj", "{59E47339-F015-FFEC-A5ED-402C1DA6244E}"
EndProject
Global
	GlobalSection(SolutionConfigurationPlatforms) = preSolution
		Debug|Any CPU = Debug|Any CPU
		Release|Any CPU = Release|Any CPU
	EndGlobalSection
	GlobalSection(ProjectConfigurationPlatforms) = postSolution
		{B1EE32C1-C463-A145-EB26-C23E3B6C26C1}.Debug|Any CPU.ActiveCfg = Debug|Any CPU
		{B1EE32C1-C463-A145-EB26-C23E3B6C26C1}.Debug|Any CPU.Build.0 = Debug|Any CPU
		{B1EE32C1-C463-A145-EB26-C23E3B6C26C1}.Release|Any CPU.ActiveCfg = Release|Any CPU
		{B1EE32C1-C463-A145-EB26-C23E3B6C26C1}.Release|Any CPU.Build.0 = Release|Any CPU
		{837F15AA-BDC3-5DEE-A86E-84CF541411E6}.Debug|Any CPU.ActiveCfg = Debug|Any CPU
		{837F15AA-BDC3-5DEE-A86E-84CF541411E6}.Debug|Any CPU.Build.0 = Debug|Any CPU
		{837F15AA-BDC3-5DEE-A86E-84CF541411E6}.Release|Any CPU.ActiveCfg = Release|Any CPU
		{837F15AA-BDC3-5DEE-A86E-84CF541411E6}.Release|Any CPU.Build.0 = Release|Any CPU
		{59E47339-F015-FFEC-A5ED-402C1DA6244E}.Debug|Any CPU.ActiveCfg = Debug|Any CPU
		{59E47339-F015-FFEC-A5ED-402C1DA6244E}.Debug|Any CPU.Build.0 = Debug|Any CPU
		{59E47339-F015-FFEC-A5ED-402C1DA6244E}.Release|Any CPU.ActiveCfg = Release|Any CPU
		{59E47339-F015-FFEC-A5ED-402C1DA6244E}.Release|Any CPU.Build.0 = Release|Any CPU
	EndGlobalSection
	GlobalSection(SolutionProperties) = preSolution
		HideSolutionNode = FALSE
	EndGlobalSection
EndGlobal
