
Microsoft Visual Studio Solution File, Format Version 12.00
# Visual Studio 14
VisualStudioVersion = 14.0.24720.0
MinimumVisualStudioVersion = 10.0.40219.1
Project("{2150E333-8FDC-42A3-9474-1A3956D46DE8}") = "Engine", "Engine", "{4FF0D4DB-BE3C-4DE3-8D54-E9470CCA63D3}"
EndProject
Project("{2150E333-8FDC-42A3-9474-1A3956D46DE8}") = "Games", "Games", "{D7B21790-A0A4-4E92-A852-D8C69C8AEE89}"
EndProject
Project("{8BC9CEB8-8B4A-11D0-8D11-00A0C91BC942}") = "UE4", "Intermediate\ProjectFiles\UE4.vcxproj", "{685F0934-BCDA-451D-854E-404CB08790E5}"
EndProject
Project("{8BC9CEB8-8B4A-11D0-8D11-00A0C91BC942}") = "DinoProject", "Intermediate\ProjectFiles\DinoProject.vcxproj", "{1635A437-6023-46C6-A151-D34CB75872BA}"
EndProject
Global
	GlobalSection(SolutionConfigurationPlatforms) = preSolution
		DebugGame Editor|HTML5 = DebugGame Editor|HTML5
		DebugGame Editor|Win32 = DebugGame Editor|Win32
		DebugGame Editor|Win64 = DebugGame Editor|Win64
		DebugGame|HTML5 = DebugGame|HTML5
		DebugGame|Win32 = DebugGame|Win32
		DebugGame|Win64 = DebugGame|Win64
		Development Editor|HTML5 = Development Editor|HTML5
		Development Editor|Win32 = Development Editor|Win32
		Development Editor|Win64 = Development Editor|Win64
		Development|HTML5 = Development|HTML5
		Development|Win32 = Development|Win32
		Development|Win64 = Development|Win64
		Shipping|HTML5 = Shipping|HTML5
		Shipping|Win32 = Shipping|Win32
		Shipping|Win64 = Shipping|Win64
	EndGlobalSection
	GlobalSection(ProjectConfigurationPlatforms) = postSolution
		{685F0934-BCDA-451D-854E-404CB08790E5}.DebugGame Editor|HTML5.ActiveCfg = BuiltWithUnrealBuildTool|Win32
		{685F0934-BCDA-451D-854E-404CB08790E5}.DebugGame Editor|HTML5.Build.0 = BuiltWithUnrealBuildTool|Win32
		{685F0934-BCDA-451D-854E-404CB08790E5}.DebugGame Editor|Win32.ActiveCfg = BuiltWithUnrealBuildTool|Win32
		{685F0934-BCDA-451D-854E-404CB08790E5}.DebugGame Editor|Win32.Build.0 = BuiltWithUnrealBuildTool|Win32
		{685F0934-BCDA-451D-854E-404CB08790E5}.DebugGame Editor|Win64.ActiveCfg = BuiltWithUnrealBuildTool|Win32
		{685F0934-BCDA-451D-854E-404CB08790E5}.DebugGame Editor|Win64.Build.0 = BuiltWithUnrealBuildTool|Win32
		{685F0934-BCDA-451D-854E-404CB08790E5}.DebugGame|HTML5.ActiveCfg = BuiltWithUnrealBuildTool|Win32
		{685F0934-BCDA-451D-854E-404CB08790E5}.DebugGame|HTML5.Build.0 = BuiltWithUnrealBuildTool|Win32
		{685F0934-BCDA-451D-854E-404CB08790E5}.DebugGame|Win32.ActiveCfg = BuiltWithUnrealBuildTool|Win32
		{685F0934-BCDA-451D-854E-404CB08790E5}.DebugGame|Win32.Build.0 = BuiltWithUnrealBuildTool|Win32
		{685F0934-BCDA-451D-854E-404CB08790E5}.DebugGame|Win64.ActiveCfg = BuiltWithUnrealBuildTool|Win32
		{685F0934-BCDA-451D-854E-404CB08790E5}.DebugGame|Win64.Build.0 = BuiltWithUnrealBuildTool|Win32
		{685F0934-BCDA-451D-854E-404CB08790E5}.Development Editor|HTML5.ActiveCfg = BuiltWithUnrealBuildTool|Win32
		{685F0934-BCDA-451D-854E-404CB08790E5}.Development Editor|HTML5.Build.0 = BuiltWithUnrealBuildTool|Win32
		{685F0934-BCDA-451D-854E-404CB08790E5}.Development Editor|Win32.ActiveCfg = BuiltWithUnrealBuildTool|Win32
		{685F0934-BCDA-451D-854E-404CB08790E5}.Development Editor|Win32.Build.0 = BuiltWithUnrealBuildTool|Win32
		{685F0934-BCDA-451D-854E-404CB08790E5}.Development Editor|Win64.ActiveCfg = BuiltWithUnrealBuildTool|Win32
		{685F0934-BCDA-451D-854E-404CB08790E5}.Development Editor|Win64.Build.0 = BuiltWithUnrealBuildTool|Win32
		{685F0934-BCDA-451D-854E-404CB08790E5}.Development|HTML5.ActiveCfg = BuiltWithUnrealBuildTool|Win32
		{685F0934-BCDA-451D-854E-404CB08790E5}.Development|HTML5.Build.0 = BuiltWithUnrealBuildTool|Win32
		{685F0934-BCDA-451D-854E-404CB08790E5}.Development|Win32.ActiveCfg = BuiltWithUnrealBuildTool|Win32
		{685F0934-BCDA-451D-854E-404CB08790E5}.Development|Win32.Build.0 = BuiltWithUnrealBuildTool|Win32
		{685F0934-BCDA-451D-854E-404CB08790E5}.Development|Win64.ActiveCfg = BuiltWithUnrealBuildTool|Win32
		{685F0934-BCDA-451D-854E-404CB08790E5}.Development|Win64.Build.0 = BuiltWithUnrealBuildTool|Win32
		{685F0934-BCDA-451D-854E-404CB08790E5}.Shipping|HTML5.ActiveCfg = BuiltWithUnrealBuildTool|Win32
		{685F0934-BCDA-451D-854E-404CB08790E5}.Shipping|HTML5.Build.0 = BuiltWithUnrealBuildTool|Win32
		{685F0934-BCDA-451D-854E-404CB08790E5}.Shipping|Win32.ActiveCfg = BuiltWithUnrealBuildTool|Win32
		{685F0934-BCDA-451D-854E-404CB08790E5}.Shipping|Win32.Build.0 = BuiltWithUnrealBuildTool|Win32
		{685F0934-BCDA-451D-854E-404CB08790E5}.Shipping|Win64.ActiveCfg = BuiltWithUnrealBuildTool|Win32
		{685F0934-BCDA-451D-854E-404CB08790E5}.Shipping|Win64.Build.0 = BuiltWithUnrealBuildTool|Win32
		{1635A437-6023-46C6-A151-D34CB75872BA}.DebugGame Editor|HTML5.ActiveCfg = HTML5_DebugGame_Editor|Win32
		{1635A437-6023-46C6-A151-D34CB75872BA}.DebugGame Editor|Win32.ActiveCfg = DebugGame_Editor|Win32
		{1635A437-6023-46C6-A151-D34CB75872BA}.DebugGame Editor|Win64.ActiveCfg = DebugGame_Editor|x64
		{1635A437-6023-46C6-A151-D34CB75872BA}.DebugGame Editor|Win64.Build.0 = DebugGame_Editor|x64
		{1635A437-6023-46C6-A151-D34CB75872BA}.DebugGame|HTML5.ActiveCfg = HTML5_DebugGame_Game|Win32
		{1635A437-6023-46C6-A151-D34CB75872BA}.DebugGame|HTML5.Build.0 = HTML5_DebugGame_Game|Win32
		{1635A437-6023-46C6-A151-D34CB75872BA}.DebugGame|Win32.ActiveCfg = DebugGame_Game|Win32
		{1635A437-6023-46C6-A151-D34CB75872BA}.DebugGame|Win32.Build.0 = DebugGame_Game|Win32
		{1635A437-6023-46C6-A151-D34CB75872BA}.DebugGame|Win64.ActiveCfg = DebugGame_Game|x64
		{1635A437-6023-46C6-A151-D34CB75872BA}.DebugGame|Win64.Build.0 = DebugGame_Game|x64
		{1635A437-6023-46C6-A151-D34CB75872BA}.Development Editor|HTML5.ActiveCfg = HTML5_Development_Editor|Win32
		{1635A437-6023-46C6-A151-D34CB75872BA}.Development Editor|Win32.ActiveCfg = Development_Editor|Win32
		{1635A437-6023-46C6-A151-D34CB75872BA}.Development Editor|Win64.ActiveCfg = Development_Editor|x64
		{1635A437-6023-46C6-A151-D34CB75872BA}.Development Editor|Win64.Build.0 = Development_Editor|x64
		{1635A437-6023-46C6-A151-D34CB75872BA}.Development|HTML5.ActiveCfg = HTML5_Development_Game|Win32
		{1635A437-6023-46C6-A151-D34CB75872BA}.Development|HTML5.Build.0 = HTML5_Development_Game|Win32
		{1635A437-6023-46C6-A151-D34CB75872BA}.Development|Win32.ActiveCfg = Development_Game|Win32
		{1635A437-6023-46C6-A151-D34CB75872BA}.Development|Win32.Build.0 = Development_Game|Win32
		{1635A437-6023-46C6-A151-D34CB75872BA}.Development|Win64.ActiveCfg = Development_Game|x64
		{1635A437-6023-46C6-A151-D34CB75872BA}.Development|Win64.Build.0 = Development_Game|x64
		{1635A437-6023-46C6-A151-D34CB75872BA}.Shipping|HTML5.ActiveCfg = HTML5_Shipping_Game|Win32
		{1635A437-6023-46C6-A151-D34CB75872BA}.Shipping|HTML5.Build.0 = HTML5_Shipping_Game|Win32
		{1635A437-6023-46C6-A151-D34CB75872BA}.Shipping|Win32.ActiveCfg = Shipping_Game|Win32
		{1635A437-6023-46C6-A151-D34CB75872BA}.Shipping|Win32.Build.0 = Shipping_Game|Win32
		{1635A437-6023-46C6-A151-D34CB75872BA}.Shipping|Win64.ActiveCfg = Shipping_Game|x64
		{1635A437-6023-46C6-A151-D34CB75872BA}.Shipping|Win64.Build.0 = Shipping_Game|x64
	EndGlobalSection
	GlobalSection(SolutionProperties) = preSolution
		HideSolutionNode = FALSE
	EndGlobalSection
	GlobalSection(NestedProjects) = preSolution
		{685F0934-BCDA-451D-854E-404CB08790E5} = {4FF0D4DB-BE3C-4DE3-8D54-E9470CCA63D3}
		{1635A437-6023-46C6-A151-D34CB75872BA} = {D7B21790-A0A4-4E92-A852-D8C69C8AEE89}
	EndGlobalSection
EndGlobal
