
Microsoft Visual Studio Solution File, Format Version 12.00
# Visual Studio 2015
Project("{FAE04EC0-301F-11D3-BF4B-00C04F79EFBC}") = "CreaturePlatformer.CSharp.Plugins", "CreaturePlatformer.CSharp.Plugins.csproj", "{29836496-16BD-6454-A03B-D2FA5B7FD962}"
EndProject
Project("{FAE04EC0-301F-11D3-BF4B-00C04F79EFBC}") = "CreaturePlatformer.CSharp", "CreaturePlatformer.CSharp.csproj", "{839D64BB-72A3-9929-94C1-2D0A7DF0EE7E}"
EndProject
Project("{FAE04EC0-301F-11D3-BF4B-00C04F79EFBC}") = "CreaturePlatformer.CSharp.Editor", "CreaturePlatformer.CSharp.Editor.csproj", "{AC6B2633-6979-70C8-CFE9-7240A468CF78}"
EndProject
Global
	GlobalSection(SolutionConfigurationPlatforms) = preSolution
		Debug|Any CPU = Debug|Any CPU
		Release|Any CPU = Release|Any CPU
	EndGlobalSection
	GlobalSection(ProjectConfigurationPlatforms) = postSolution
		{29836496-16BD-6454-A03B-D2FA5B7FD962}.Debug|Any CPU.ActiveCfg = Debug|Any CPU
		{29836496-16BD-6454-A03B-D2FA5B7FD962}.Debug|Any CPU.Build.0 = Debug|Any CPU
		{29836496-16BD-6454-A03B-D2FA5B7FD962}.Release|Any CPU.ActiveCfg = Release|Any CPU
		{29836496-16BD-6454-A03B-D2FA5B7FD962}.Release|Any CPU.Build.0 = Release|Any CPU
		{839D64BB-72A3-9929-94C1-2D0A7DF0EE7E}.Debug|Any CPU.ActiveCfg = Debug|Any CPU
		{839D64BB-72A3-9929-94C1-2D0A7DF0EE7E}.Debug|Any CPU.Build.0 = Debug|Any CPU
		{839D64BB-72A3-9929-94C1-2D0A7DF0EE7E}.Release|Any CPU.ActiveCfg = Release|Any CPU
		{839D64BB-72A3-9929-94C1-2D0A7DF0EE7E}.Release|Any CPU.Build.0 = Release|Any CPU
		{AC6B2633-6979-70C8-CFE9-7240A468CF78}.Debug|Any CPU.ActiveCfg = Debug|Any CPU
		{AC6B2633-6979-70C8-CFE9-7240A468CF78}.Debug|Any CPU.Build.0 = Debug|Any CPU
		{AC6B2633-6979-70C8-CFE9-7240A468CF78}.Release|Any CPU.ActiveCfg = Release|Any CPU
		{AC6B2633-6979-70C8-CFE9-7240A468CF78}.Release|Any CPU.Build.0 = Release|Any CPU
	EndGlobalSection
	GlobalSection(SolutionProperties) = preSolution
		HideSolutionNode = FALSE
	EndGlobalSection
EndGlobal
