
Microsoft Visual Studio Solution File, Format Version 12.00
# Visual Studio 14
VisualStudioVersion = 14.0.24720.0
MinimumVisualStudioVersion = 10.0.40219.1
Project("{2150E333-8FDC-42A3-9474-1A3956D46DE8}") = "Engine", "Engine", "{2C773E02-3A90-49C8-8C60-CEC9E7EE8244}"
EndProject
Project("{2150E333-8FDC-42A3-9474-1A3956D46DE8}") = "Games", "Games", "{6B657CA2-A588-4339-A6E7-A0F0291CB59E}"
EndProject
Project("{8BC9CEB8-8B4A-11D0-8D11-00A0C91BC942}") = "UE4", "Intermediate\ProjectFiles\UE4.vcxproj", "{54B5BAEB-6884-4F7C-8724-AAEF82011029}"
EndProject
Project("{8BC9CEB8-8B4A-11D0-8D11-00A0C91BC942}") = "CreaturePackDragon2D", "Intermediate\ProjectFiles\CreaturePackDragon2D.vcxproj", "{1ACE1D7D-5051-40BD-9EB5-D41164FA66C9}"
EndProject
Global
	GlobalSection(SolutionConfigurationPlatforms) = preSolution
		DebugGame Editor|HTML5 = DebugGame Editor|HTML5
		DebugGame Editor|Win32 = DebugGame Editor|Win32
		DebugGame Editor|Win64 = DebugGame Editor|Win64
		DebugGame|HTML5 = DebugGame|HTML5
		DebugGame|Win32 = DebugGame|Win32
		DebugGame|Win64 = DebugGame|Win64
		Development Editor|HTML5 = Development Editor|HTML5
		Development Editor|Win32 = Development Editor|Win32
		Development Editor|Win64 = Development Editor|Win64
		Development|HTML5 = Development|HTML5
		Development|Win32 = Development|Win32
		Development|Win64 = Development|Win64
		Shipping|HTML5 = Shipping|HTML5
		Shipping|Win32 = Shipping|Win32
		Shipping|Win64 = Shipping|Win64
	EndGlobalSection
	GlobalSection(ProjectConfigurationPlatforms) = postSolution
		{54B5BAEB-6884-4F7C-8724-AAEF82011029}.DebugGame Editor|HTML5.ActiveCfg = BuiltWithUnrealBuildTool|Win32
		{54B5BAEB-6884-4F7C-8724-AAEF82011029}.DebugGame Editor|HTML5.Build.0 = BuiltWithUnrealBuildTool|Win32
		{54B5BAEB-6884-4F7C-8724-AAEF82011029}.DebugGame Editor|Win32.ActiveCfg = BuiltWithUnrealBuildTool|Win32
		{54B5BAEB-6884-4F7C-8724-AAEF82011029}.DebugGame Editor|Win32.Build.0 = BuiltWithUnrealBuildTool|Win32
		{54B5BAEB-6884-4F7C-8724-AAEF82011029}.DebugGame Editor|Win64.ActiveCfg = BuiltWithUnrealBuildTool|Win32
		{54B5BAEB-6884-4F7C-8724-AAEF82011029}.DebugGame Editor|Win64.Build.0 = BuiltWithUnrealBuildTool|Win32
		{54B5BAEB-6884-4F7C-8724-AAEF82011029}.DebugGame|HTML5.ActiveCfg = BuiltWithUnrealBuildTool|Win32
		{54B5BAEB-6884-4F7C-8724-AAEF82011029}.DebugGame|HTML5.Build.0 = BuiltWithUnrealBuildTool|Win32
		{54B5BAEB-6884-4F7C-8724-AAEF82011029}.DebugGame|Win32.ActiveCfg = BuiltWithUnrealBuildTool|Win32
		{54B5BAEB-6884-4F7C-8724-AAEF82011029}.DebugGame|Win32.Build.0 = BuiltWithUnrealBuildTool|Win32
		{54B5BAEB-6884-4F7C-8724-AAEF82011029}.DebugGame|Win64.ActiveCfg = BuiltWithUnrealBuildTool|Win32
		{54B5BAEB-6884-4F7C-8724-AAEF82011029}.DebugGame|Win64.Build.0 = BuiltWithUnrealBuildTool|Win32
		{54B5BAEB-6884-4F7C-8724-AAEF82011029}.Development Editor|HTML5.ActiveCfg = BuiltWithUnrealBuildTool|Win32
		{54B5BAEB-6884-4F7C-8724-AAEF82011029}.Development Editor|HTML5.Build.0 = BuiltWithUnrealBuildTool|Win32
		{54B5BAEB-6884-4F7C-8724-AAEF82011029}.Development Editor|Win32.ActiveCfg = BuiltWithUnrealBuildTool|Win32
		{54B5BAEB-6884-4F7C-8724-AAEF82011029}.Development Editor|Win32.Build.0 = BuiltWithUnrealBuildTool|Win32
		{54B5BAEB-6884-4F7C-8724-AAEF82011029}.Development Editor|Win64.ActiveCfg = BuiltWithUnrealBuildTool|Win32
		{54B5BAEB-6884-4F7C-8724-AAEF82011029}.Development Editor|Win64.Build.0 = BuiltWithUnrealBuildTool|Win32
		{54B5BAEB-6884-4F7C-8724-AAEF82011029}.Development|HTML5.ActiveCfg = BuiltWithUnrealBuildTool|Win32
		{54B5BAEB-6884-4F7C-8724-AAEF82011029}.Development|HTML5.Build.0 = BuiltWithUnrealBuildTool|Win32
		{54B5BAEB-6884-4F7C-8724-AAEF82011029}.Development|Win32.ActiveCfg = BuiltWithUnrealBuildTool|Win32
		{54B5BAEB-6884-4F7C-8724-AAEF82011029}.Development|Win32.Build.0 = BuiltWithUnrealBuildTool|Win32
		{54B5BAEB-6884-4F7C-8724-AAEF82011029}.Development|Win64.ActiveCfg = BuiltWithUnrealBuildTool|Win32
		{54B5BAEB-6884-4F7C-8724-AAEF82011029}.Development|Win64.Build.0 = BuiltWithUnrealBuildTool|Win32
		{54B5BAEB-6884-4F7C-8724-AAEF82011029}.Shipping|HTML5.ActiveCfg = BuiltWithUnrealBuildTool|Win32
		{54B5BAEB-6884-4F7C-8724-AAEF82011029}.Shipping|HTML5.Build.0 = BuiltWithUnrealBuildTool|Win32
		{54B5BAEB-6884-4F7C-8724-AAEF82011029}.Shipping|Win32.ActiveCfg = BuiltWithUnrealBuildTool|Win32
		{54B5BAEB-6884-4F7C-8724-AAEF82011029}.Shipping|Win32.Build.0 = BuiltWithUnrealBuildTool|Win32
		{54B5BAEB-6884-4F7C-8724-AAEF82011029}.Shipping|Win64.ActiveCfg = BuiltWithUnrealBuildTool|Win32
		{54B5BAEB-6884-4F7C-8724-AAEF82011029}.Shipping|Win64.Build.0 = BuiltWithUnrealBuildTool|Win32
		{1ACE1D7D-5051-40BD-9EB5-D41164FA66C9}.DebugGame Editor|HTML5.ActiveCfg = HTML5_DebugGame_Editor|Win32
		{1ACE1D7D-5051-40BD-9EB5-D41164FA66C9}.DebugGame Editor|Win32.ActiveCfg = DebugGame_Editor|Win32
		{1ACE1D7D-5051-40BD-9EB5-D41164FA66C9}.DebugGame Editor|Win64.ActiveCfg = DebugGame_Editor|x64
		{1ACE1D7D-5051-40BD-9EB5-D41164FA66C9}.DebugGame Editor|Win64.Build.0 = DebugGame_Editor|x64
		{1ACE1D7D-5051-40BD-9EB5-D41164FA66C9}.DebugGame|HTML5.ActiveCfg = HTML5_DebugGame_Game|Win32
		{1ACE1D7D-5051-40BD-9EB5-D41164FA66C9}.DebugGame|HTML5.Build.0 = HTML5_DebugGame_Game|Win32
		{1ACE1D7D-5051-40BD-9EB5-D41164FA66C9}.DebugGame|Win32.ActiveCfg = DebugGame_Game|Win32
		{1ACE1D7D-5051-40BD-9EB5-D41164FA66C9}.DebugGame|Win32.Build.0 = DebugGame_Game|Win32
		{1ACE1D7D-5051-40BD-9EB5-D41164FA66C9}.DebugGame|Win64.ActiveCfg = DebugGame_Game|x64
		{1ACE1D7D-5051-40BD-9EB5-D41164FA66C9}.DebugGame|Win64.Build.0 = DebugGame_Game|x64
		{1ACE1D7D-5051-40BD-9EB5-D41164FA66C9}.Development Editor|HTML5.ActiveCfg = HTML5_Development_Editor|Win32
		{1ACE1D7D-5051-40BD-9EB5-D41164FA66C9}.Development Editor|Win32.ActiveCfg = Development_Editor|Win32
		{1ACE1D7D-5051-40BD-9EB5-D41164FA66C9}.Development Editor|Win64.ActiveCfg = Development_Editor|x64
		{1ACE1D7D-5051-40BD-9EB5-D41164FA66C9}.Development Editor|Win64.Build.0 = Development_Editor|x64
		{1ACE1D7D-5051-40BD-9EB5-D41164FA66C9}.Development|HTML5.ActiveCfg = HTML5_Development_Game|Win32
		{1ACE1D7D-5051-40BD-9EB5-D41164FA66C9}.Development|HTML5.Build.0 = HTML5_Development_Game|Win32
		{1ACE1D7D-5051-40BD-9EB5-D41164FA66C9}.Development|Win32.ActiveCfg = Development_Game|Win32
		{1ACE1D7D-5051-40BD-9EB5-D41164FA66C9}.Development|Win32.Build.0 = Development_Game|Win32
		{1ACE1D7D-5051-40BD-9EB5-D41164FA66C9}.Development|Win64.ActiveCfg = Development_Game|x64
		{1ACE1D7D-5051-40BD-9EB5-D41164FA66C9}.Development|Win64.Build.0 = Development_Game|x64
		{1ACE1D7D-5051-40BD-9EB5-D41164FA66C9}.Shipping|HTML5.ActiveCfg = HTML5_Shipping_Game|Win32
		{1ACE1D7D-5051-40BD-9EB5-D41164FA66C9}.Shipping|HTML5.Build.0 = HTML5_Shipping_Game|Win32
		{1ACE1D7D-5051-40BD-9EB5-D41164FA66C9}.Shipping|Win32.ActiveCfg = Shipping_Game|Win32
		{1ACE1D7D-5051-40BD-9EB5-D41164FA66C9}.Shipping|Win32.Build.0 = Shipping_Game|Win32
		{1ACE1D7D-5051-40BD-9EB5-D41164FA66C9}.Shipping|Win64.ActiveCfg = Shipping_Game|x64
		{1ACE1D7D-5051-40BD-9EB5-D41164FA66C9}.Shipping|Win64.Build.0 = Shipping_Game|x64
	EndGlobalSection
	GlobalSection(SolutionProperties) = preSolution
		HideSolutionNode = FALSE
	EndGlobalSection
	GlobalSection(NestedProjects) = preSolution
		{54B5BAEB-6884-4F7C-8724-AAEF82011029} = {2C773E02-3A90-49C8-8C60-CEC9E7EE8244}
		{1ACE1D7D-5051-40BD-9EB5-D41164FA66C9} = {6B657CA2-A588-4339-A6E7-A0F0291CB59E}
	EndGlobalSection
EndGlobal
